
Microsoft Visual Studio Solution File, Format Version 12.00
# Visual Studio Version 17
VisualStudioVersion = 17.8.34511.84
MinimumVisualStudioVersion = 10.0.40219.1
Project("{9A19103F-16F7-4668-BE54-9A1E7A4F7556}") = "BlogProject.CORE", "BlogProject.CORE\BlogProject.CORE.csproj", "{5B66947E-A634-4A06-AA68-8617D8389671}"
EndProject
Project("{9A19103F-16F7-4668-BE54-9A1E7A4F7556}") = "BlogProject.REPO", "BlogProject.REPO\BlogProject.REPO.csproj", "{9C1E2259-666C-4A90-B39B-93CEE752A1CA}"
EndProject
Project("{9A19103F-16F7-4668-BE54-9A1E7A4F7556}") = "BlogProject.SERVICE", "BlogProject.SERVICE\BlogProject.SERVICE.csproj", "{09798952-0AE2-412B-9382-FB611D073EEA}"
EndProject
Project("{9A19103F-16F7-4668-BE54-9A1E7A4F7556}") = "BlogProject-UI", "BlogProject-UI\BlogProject-UI.csproj", "{76440775-E99D-4C4F-87A7-65B33722A1A4}"
EndProject
Global
	GlobalSection(SolutionConfigurationPlatforms) = preSolution
		Debug|Any CPU = Debug|Any CPU
		Release|Any CPU = Release|Any CPU
	EndGlobalSection
	GlobalSection(ProjectConfigurationPlatforms) = postSolution
		{5B66947E-A634-4A06-AA68-8617D8389671}.Debug|Any CPU.ActiveCfg = Debug|Any CPU
		{5B66947E-A634-4A06-AA68-8617D8389671}.Debug|Any CPU.Build.0 = Debug|Any CPU
		{5B66947E-A634-4A06-AA68-8617D8389671}.Release|Any CPU.ActiveCfg = Release|Any CPU
		{5B66947E-A634-4A06-AA68-8617D8389671}.Release|Any CPU.Build.0 = Release|Any CPU
		{9C1E2259-666C-4A90-B39B-93CEE752A1CA}.Debug|Any CPU.ActiveCfg = Debug|Any CPU
		{9C1E2259-666C-4A90-B39B-93CEE752A1CA}.Debug|Any CPU.Build.0 = Debug|Any CPU
		{9C1E2259-666C-4A90-B39B-93CEE752A1CA}.Release|Any CPU.ActiveCfg = Release|Any CPU
		{9C1E2259-666C-4A90-B39B-93CEE752A1CA}.Release|Any CPU.Build.0 = Release|Any CPU
		{09798952-0AE2-412B-9382-FB611D073EEA}.Debug|Any CPU.ActiveCfg = Debug|Any CPU
		{09798952-0AE2-412B-9382-FB611D073EEA}.Debug|Any CPU.Build.0 = Debug|Any CPU
		{09798952-0AE2-412B-9382-FB611D073EEA}.Release|Any CPU.ActiveCfg = Release|Any CPU
		{09798952-0AE2-412B-9382-FB611D073EEA}.Release|Any CPU.Build.0 = Release|Any CPU
		{76440775-E99D-4C4F-87A7-65B33722A1A4}.Debug|Any CPU.ActiveCfg = Debug|Any CPU
		{76440775-E99D-4C4F-87A7-65B33722A1A4}.Debug|Any CPU.Build.0 = Debug|Any CPU
		{76440775-E99D-4C4F-87A7-65B33722A1A4}.Release|Any CPU.ActiveCfg = Release|Any CPU
		{76440775-E99D-4C4F-87A7-65B33722A1A4}.Release|Any CPU.Build.0 = Release|Any CPU
	EndGlobalSection
	GlobalSection(SolutionProperties) = preSolution
		HideSolutionNode = FALSE
	EndGlobalSection
	GlobalSection(ExtensibilityGlobals) = postSolution
		SolutionGuid = {1122E345-9C30-4FA6-90D1-F0CF028520BD}
	EndGlobalSection
EndGlobal
